
Microsoft Visual Studio Solution File, Format Version 12.00
# Visual Studio Version 17
VisualStudioVersion = 17.5.002.0
MinimumVisualStudioVersion = 10.0.40219.1
Project("{9A19103F-16F7-4668-BE54-9A1E7A4F7556}") = "ChatApplication", "ChatApplication.csproj", "{B3B6B573-8336-422D-8CCA-7EA38F737A1E}"
EndProject
Global
	GlobalSection(SolutionConfigurationPlatforms) = preSolution
		Debug|Any CPU = Debug|Any CPU
		Release|Any CPU = Release|Any CPU
	EndGlobalSection
	GlobalSection(ProjectConfigurationPlatforms) = postSolution
		{B3B6B573-8336-422D-8CCA-7EA38F737A1E}.Debug|Any CPU.ActiveCfg = Debug|Any CPU
		{B3B6B573-8336-422D-8CCA-7EA38F737A1E}.Debug|Any CPU.Build.0 = Debug|Any CPU
		{B3B6B573-8336-422D-8CCA-7EA38F737A1E}.Release|Any CPU.ActiveCfg = Release|Any CPU
		{B3B6B573-8336-422D-8CCA-7EA38F737A1E}.Release|Any CPU.Build.0 = Release|Any CPU
	EndGlobalSection
	GlobalSection(SolutionProperties) = preSolution
		HideSolutionNode = FALSE
	EndGlobalSection
	GlobalSection(ExtensibilityGlobals) = postSolution
		SolutionGuid = {BBD745AE-2797-4561-A1B6-9B3B3435A043}
	EndGlobalSection
EndGlobal
